
Microsoft Visual Studio Solution File, Format Version 12.00
# Visual Studio 15
VisualStudioVersion = 15.0.27130.2026
MinimumVisualStudioVersion = 10.0.40219.1
Project("{8BC9CEB8-8B4A-11D0-8D11-00A0C91BC942}") = "replace", "replace\replace.vcxproj", "{8F305617-C5D2-4B47-A976-882D5471D9C5}"
EndProject
Project("{8BC9CEB8-8B4A-11D0-8D11-00A0C91BC942}") = "flipbyte", "flipbyte\flipbyte.vcxproj", "{252224DD-2841-4F9F-B578-1C40776C8C0E}"
EndProject
Project("{8BC9CEB8-8B4A-11D0-8D11-00A0C91BC942}") = "invert", "invert\invert.vcxproj", "{E470AB80-D9AF-44A8-8756-2AEFD3EFA0E8}"
EndProject
Global
	GlobalSection(SolutionConfigurationPlatforms) = preSolution
		Debug|x64 = Debug|x64
		Debug|x86 = Debug|x86
		Release|x64 = Release|x64
		Release|x86 = Release|x86
	EndGlobalSection
	GlobalSection(ProjectConfigurationPlatforms) = postSolution
		{8F305617-C5D2-4B47-A976-882D5471D9C5}.Debug|x64.ActiveCfg = Debug|x64
		{8F305617-C5D2-4B47-A976-882D5471D9C5}.Debug|x64.Build.0 = Debug|x64
		{8F305617-C5D2-4B47-A976-882D5471D9C5}.Debug|x86.ActiveCfg = Debug|Win32
		{8F305617-C5D2-4B47-A976-882D5471D9C5}.Debug|x86.Build.0 = Debug|Win32
		{8F305617-C5D2-4B47-A976-882D5471D9C5}.Release|x64.ActiveCfg = Release|x64
		{8F305617-C5D2-4B47-A976-882D5471D9C5}.Release|x64.Build.0 = Release|x64
		{8F305617-C5D2-4B47-A976-882D5471D9C5}.Release|x86.ActiveCfg = Release|Win32
		{8F305617-C5D2-4B47-A976-882D5471D9C5}.Release|x86.Build.0 = Release|Win32
		{252224DD-2841-4F9F-B578-1C40776C8C0E}.Debug|x64.ActiveCfg = Debug|x64
		{252224DD-2841-4F9F-B578-1C40776C8C0E}.Debug|x64.Build.0 = Debug|x64
		{252224DD-2841-4F9F-B578-1C40776C8C0E}.Debug|x86.ActiveCfg = Debug|Win32
		{252224DD-2841-4F9F-B578-1C40776C8C0E}.Debug|x86.Build.0 = Debug|Win32
		{252224DD-2841-4F9F-B578-1C40776C8C0E}.Release|x64.ActiveCfg = Release|x64
		{252224DD-2841-4F9F-B578-1C40776C8C0E}.Release|x64.Build.0 = Release|x64
		{252224DD-2841-4F9F-B578-1C40776C8C0E}.Release|x86.ActiveCfg = Release|Win32
		{252224DD-2841-4F9F-B578-1C40776C8C0E}.Release|x86.Build.0 = Release|Win32
		{E470AB80-D9AF-44A8-8756-2AEFD3EFA0E8}.Debug|x64.ActiveCfg = Debug|x64
		{E470AB80-D9AF-44A8-8756-2AEFD3EFA0E8}.Debug|x64.Build.0 = Debug|x64
		{E470AB80-D9AF-44A8-8756-2AEFD3EFA0E8}.Debug|x86.ActiveCfg = Debug|Win32
		{E470AB80-D9AF-44A8-8756-2AEFD3EFA0E8}.Debug|x86.Build.0 = Debug|Win32
		{E470AB80-D9AF-44A8-8756-2AEFD3EFA0E8}.Release|x64.ActiveCfg = Release|x64
		{E470AB80-D9AF-44A8-8756-2AEFD3EFA0E8}.Release|x64.Build.0 = Release|x64
		{E470AB80-D9AF-44A8-8756-2AEFD3EFA0E8}.Release|x86.ActiveCfg = Release|Win32
		{E470AB80-D9AF-44A8-8756-2AEFD3EFA0E8}.Release|x86.Build.0 = Release|Win32
	EndGlobalSection
	GlobalSection(SolutionProperties) = preSolution
		HideSolutionNode = FALSE
	EndGlobalSection
	GlobalSection(ExtensibilityGlobals) = postSolution
		SolutionGuid = {690591E9-CC75-4BE9-89B4-3BCB1D51D396}
	EndGlobalSection
EndGlobal
