
Microsoft Visual Studio Solution File, Format Version 12.00
# Visual Studio 15
VisualStudioVersion = 15.0.27130.2026
MinimumVisualStudioVersion = 10.0.40219.1
Project("{8BC9CEB8-8B4A-11D0-8D11-00A0C91BC942}") = "vector_2", "vector_2\vector_2.vcxproj", "{5BBFA5CB-602E-425A-8586-4E7A81D8DC3F}"
EndProject
Project("{8BC9CEB8-8B4A-11D0-8D11-00A0C91BC942}") = "decode_HTML", "decode_HTML\decode_HTML.vcxproj", "{D9F630AA-151F-436C-ABE3-CD4858B13E77}"
EndProject
Project("{8BC9CEB8-8B4A-11D0-8D11-00A0C91BC942}") = "vector_2_tests", "vector_2_tests\vector_2_tests.vcxproj", "{A2A3D194-DAD7-4E59-90A4-00F7C551DBEA}"
EndProject
Project("{8BC9CEB8-8B4A-11D0-8D11-00A0C91BC942}") = "decode_HTML_tests", "decode_HTML_tests\decode_HTML_tests.vcxproj", "{24509B90-BA8A-4866-9705-14264EAD8155}"
EndProject
Project("{8BC9CEB8-8B4A-11D0-8D11-00A0C91BC942}") = "Dictionary", "Dictionary\Dictionary.vcxproj", "{7CD03338-DD2F-4BB9-965F-A36260A4A785}"
EndProject
Project("{8BC9CEB8-8B4A-11D0-8D11-00A0C91BC942}") = "Dictionary_tests", "Dictionary_tests\Dictionary_tests.vcxproj", "{683BB13B-6696-4A8F-9F70-0A71C17508EF}"
EndProject
Project("{8BC9CEB8-8B4A-11D0-8D11-00A0C91BC942}") = "PrimeNumbers", "PrimeNumbers\PrimeNumbers.vcxproj", "{953FC7F9-7E05-41D0-A8BF-941B63E2BF6E}"
	ProjectSection(ProjectDependencies) = postProject
		{513F60A8-8DD0-4754-A42E-EA89CC981A81} = {513F60A8-8DD0-4754-A42E-EA89CC981A81}
	EndProjectSection
EndProject
Project("{8BC9CEB8-8B4A-11D0-8D11-00A0C91BC942}") = "PrimeNumbers_test", "PrimeNumbers_test\PrimeNumbers_test.vcxproj", "{513F60A8-8DD0-4754-A42E-EA89CC981A81}"
EndProject
Project("{8BC9CEB8-8B4A-11D0-8D11-00A0C91BC942}") = "URL_parser", "URL_parser\URL_parser.vcxproj", "{CF41EC1A-3BE4-4468-A279-2C1EB2DC1492}"
	ProjectSection(ProjectDependencies) = postProject
		{37AFFBEA-C266-4A13-91A7-86CE4CD551AC} = {37AFFBEA-C266-4A13-91A7-86CE4CD551AC}
	EndProjectSection
EndProject
Project("{8BC9CEB8-8B4A-11D0-8D11-00A0C91BC942}") = "URL_parser_tests", "URL_parser_tests\URL_parser_tests.vcxproj", "{37AFFBEA-C266-4A13-91A7-86CE4CD551AC}"
EndProject
Global
	GlobalSection(SolutionConfigurationPlatforms) = preSolution
		Debug|x64 = Debug|x64
		Debug|x86 = Debug|x86
		Release|x64 = Release|x64
		Release|x86 = Release|x86
	EndGlobalSection
	GlobalSection(ProjectConfigurationPlatforms) = postSolution
		{5BBFA5CB-602E-425A-8586-4E7A81D8DC3F}.Debug|x64.ActiveCfg = Debug|x64
		{5BBFA5CB-602E-425A-8586-4E7A81D8DC3F}.Debug|x64.Build.0 = Debug|x64
		{5BBFA5CB-602E-425A-8586-4E7A81D8DC3F}.Debug|x86.ActiveCfg = Debug|Win32
		{5BBFA5CB-602E-425A-8586-4E7A81D8DC3F}.Debug|x86.Build.0 = Debug|Win32
		{5BBFA5CB-602E-425A-8586-4E7A81D8DC3F}.Release|x64.ActiveCfg = Release|x64
		{5BBFA5CB-602E-425A-8586-4E7A81D8DC3F}.Release|x64.Build.0 = Release|x64
		{5BBFA5CB-602E-425A-8586-4E7A81D8DC3F}.Release|x86.ActiveCfg = Release|Win32
		{5BBFA5CB-602E-425A-8586-4E7A81D8DC3F}.Release|x86.Build.0 = Release|Win32
		{D9F630AA-151F-436C-ABE3-CD4858B13E77}.Debug|x64.ActiveCfg = Debug|x64
		{D9F630AA-151F-436C-ABE3-CD4858B13E77}.Debug|x64.Build.0 = Debug|x64
		{D9F630AA-151F-436C-ABE3-CD4858B13E77}.Debug|x86.ActiveCfg = Debug|Win32
		{D9F630AA-151F-436C-ABE3-CD4858B13E77}.Debug|x86.Build.0 = Debug|Win32
		{D9F630AA-151F-436C-ABE3-CD4858B13E77}.Release|x64.ActiveCfg = Release|x64
		{D9F630AA-151F-436C-ABE3-CD4858B13E77}.Release|x64.Build.0 = Release|x64
		{D9F630AA-151F-436C-ABE3-CD4858B13E77}.Release|x86.ActiveCfg = Release|Win32
		{D9F630AA-151F-436C-ABE3-CD4858B13E77}.Release|x86.Build.0 = Release|Win32
		{A2A3D194-DAD7-4E59-90A4-00F7C551DBEA}.Debug|x64.ActiveCfg = Debug|x64
		{A2A3D194-DAD7-4E59-90A4-00F7C551DBEA}.Debug|x64.Build.0 = Debug|x64
		{A2A3D194-DAD7-4E59-90A4-00F7C551DBEA}.Debug|x86.ActiveCfg = Debug|Win32
		{A2A3D194-DAD7-4E59-90A4-00F7C551DBEA}.Debug|x86.Build.0 = Debug|Win32
		{A2A3D194-DAD7-4E59-90A4-00F7C551DBEA}.Release|x64.ActiveCfg = Release|x64
		{A2A3D194-DAD7-4E59-90A4-00F7C551DBEA}.Release|x64.Build.0 = Release|x64
		{A2A3D194-DAD7-4E59-90A4-00F7C551DBEA}.Release|x86.ActiveCfg = Release|Win32
		{A2A3D194-DAD7-4E59-90A4-00F7C551DBEA}.Release|x86.Build.0 = Release|Win32
		{24509B90-BA8A-4866-9705-14264EAD8155}.Debug|x64.ActiveCfg = Debug|x64
		{24509B90-BA8A-4866-9705-14264EAD8155}.Debug|x64.Build.0 = Debug|x64
		{24509B90-BA8A-4866-9705-14264EAD8155}.Debug|x86.ActiveCfg = Debug|Win32
		{24509B90-BA8A-4866-9705-14264EAD8155}.Debug|x86.Build.0 = Debug|Win32
		{24509B90-BA8A-4866-9705-14264EAD8155}.Release|x64.ActiveCfg = Release|x64
		{24509B90-BA8A-4866-9705-14264EAD8155}.Release|x64.Build.0 = Release|x64
		{24509B90-BA8A-4866-9705-14264EAD8155}.Release|x86.ActiveCfg = Release|Win32
		{24509B90-BA8A-4866-9705-14264EAD8155}.Release|x86.Build.0 = Release|Win32
		{7CD03338-DD2F-4BB9-965F-A36260A4A785}.Debug|x64.ActiveCfg = Debug|x64
		{7CD03338-DD2F-4BB9-965F-A36260A4A785}.Debug|x64.Build.0 = Debug|x64
		{7CD03338-DD2F-4BB9-965F-A36260A4A785}.Debug|x86.ActiveCfg = Debug|Win32
		{7CD03338-DD2F-4BB9-965F-A36260A4A785}.Debug|x86.Build.0 = Debug|Win32
		{7CD03338-DD2F-4BB9-965F-A36260A4A785}.Release|x64.ActiveCfg = Release|x64
		{7CD03338-DD2F-4BB9-965F-A36260A4A785}.Release|x64.Build.0 = Release|x64
		{7CD03338-DD2F-4BB9-965F-A36260A4A785}.Release|x86.ActiveCfg = Release|Win32
		{7CD03338-DD2F-4BB9-965F-A36260A4A785}.Release|x86.Build.0 = Release|Win32
		{683BB13B-6696-4A8F-9F70-0A71C17508EF}.Debug|x64.ActiveCfg = Debug|x64
		{683BB13B-6696-4A8F-9F70-0A71C17508EF}.Debug|x64.Build.0 = Debug|x64
		{683BB13B-6696-4A8F-9F70-0A71C17508EF}.Debug|x86.ActiveCfg = Debug|Win32
		{683BB13B-6696-4A8F-9F70-0A71C17508EF}.Debug|x86.Build.0 = Debug|Win32
		{683BB13B-6696-4A8F-9F70-0A71C17508EF}.Release|x64.ActiveCfg = Release|x64
		{683BB13B-6696-4A8F-9F70-0A71C17508EF}.Release|x64.Build.0 = Release|x64
		{683BB13B-6696-4A8F-9F70-0A71C17508EF}.Release|x86.ActiveCfg = Release|Win32
		{683BB13B-6696-4A8F-9F70-0A71C17508EF}.Release|x86.Build.0 = Release|Win32
		{953FC7F9-7E05-41D0-A8BF-941B63E2BF6E}.Debug|x64.ActiveCfg = Debug|x64
		{953FC7F9-7E05-41D0-A8BF-941B63E2BF6E}.Debug|x64.Build.0 = Debug|x64
		{953FC7F9-7E05-41D0-A8BF-941B63E2BF6E}.Debug|x86.ActiveCfg = Debug|Win32
		{953FC7F9-7E05-41D0-A8BF-941B63E2BF6E}.Debug|x86.Build.0 = Debug|Win32
		{953FC7F9-7E05-41D0-A8BF-941B63E2BF6E}.Release|x64.ActiveCfg = Release|x64
		{953FC7F9-7E05-41D0-A8BF-941B63E2BF6E}.Release|x64.Build.0 = Release|x64
		{953FC7F9-7E05-41D0-A8BF-941B63E2BF6E}.Release|x86.ActiveCfg = Release|Win32
		{953FC7F9-7E05-41D0-A8BF-941B63E2BF6E}.Release|x86.Build.0 = Release|Win32
		{513F60A8-8DD0-4754-A42E-EA89CC981A81}.Debug|x64.ActiveCfg = Debug|x64
		{513F60A8-8DD0-4754-A42E-EA89CC981A81}.Debug|x64.Build.0 = Debug|x64
		{513F60A8-8DD0-4754-A42E-EA89CC981A81}.Debug|x86.ActiveCfg = Debug|Win32
		{513F60A8-8DD0-4754-A42E-EA89CC981A81}.Debug|x86.Build.0 = Debug|Win32
		{513F60A8-8DD0-4754-A42E-EA89CC981A81}.Release|x64.ActiveCfg = Release|x64
		{513F60A8-8DD0-4754-A42E-EA89CC981A81}.Release|x64.Build.0 = Release|x64
		{513F60A8-8DD0-4754-A42E-EA89CC981A81}.Release|x86.ActiveCfg = Release|Win32
		{513F60A8-8DD0-4754-A42E-EA89CC981A81}.Release|x86.Build.0 = Release|Win32
		{CF41EC1A-3BE4-4468-A279-2C1EB2DC1492}.Debug|x64.ActiveCfg = Debug|x64
		{CF41EC1A-3BE4-4468-A279-2C1EB2DC1492}.Debug|x64.Build.0 = Debug|x64
		{CF41EC1A-3BE4-4468-A279-2C1EB2DC1492}.Debug|x86.ActiveCfg = Debug|Win32
		{CF41EC1A-3BE4-4468-A279-2C1EB2DC1492}.Debug|x86.Build.0 = Debug|Win32
		{CF41EC1A-3BE4-4468-A279-2C1EB2DC1492}.Release|x64.ActiveCfg = Release|x64
		{CF41EC1A-3BE4-4468-A279-2C1EB2DC1492}.Release|x64.Build.0 = Release|x64
		{CF41EC1A-3BE4-4468-A279-2C1EB2DC1492}.Release|x86.ActiveCfg = Release|Win32
		{CF41EC1A-3BE4-4468-A279-2C1EB2DC1492}.Release|x86.Build.0 = Release|Win32
		{37AFFBEA-C266-4A13-91A7-86CE4CD551AC}.Debug|x64.ActiveCfg = Debug|x64
		{37AFFBEA-C266-4A13-91A7-86CE4CD551AC}.Debug|x64.Build.0 = Debug|x64
		{37AFFBEA-C266-4A13-91A7-86CE4CD551AC}.Debug|x86.ActiveCfg = Debug|Win32
		{37AFFBEA-C266-4A13-91A7-86CE4CD551AC}.Debug|x86.Build.0 = Debug|Win32
		{37AFFBEA-C266-4A13-91A7-86CE4CD551AC}.Release|x64.ActiveCfg = Release|x64
		{37AFFBEA-C266-4A13-91A7-86CE4CD551AC}.Release|x64.Build.0 = Release|x64
		{37AFFBEA-C266-4A13-91A7-86CE4CD551AC}.Release|x86.ActiveCfg = Release|Win32
		{37AFFBEA-C266-4A13-91A7-86CE4CD551AC}.Release|x86.Build.0 = Release|Win32
	EndGlobalSection
	GlobalSection(SolutionProperties) = preSolution
		HideSolutionNode = FALSE
	EndGlobalSection
	GlobalSection(ExtensibilityGlobals) = postSolution
		SolutionGuid = {43C48E47-FFB6-4356-8249-8B56AAA21A64}
	EndGlobalSection
EndGlobal
