
Microsoft Visual Studio Solution File, Format Version 12.00
# Visual Studio 15
VisualStudioVersion = 15.0.27130.2026
MinimumVisualStudioVersion = 10.0.40219.1
Project("{8BC9CEB8-8B4A-11D0-8D11-00A0C91BC942}") = "Task1", "Task1\Task1.vcxproj", "{B9B3C30E-4308-48BF-A752-DFD5B7D212E5}"
EndProject
Project("{8BC9CEB8-8B4A-11D0-8D11-00A0C91BC942}") = "Task2", "Task2\Task2.vcxproj", "{126B5EB3-A381-4E2B-A711-E2104C61BC4D}"
EndProject
Project("{8BC9CEB8-8B4A-11D0-8D11-00A0C91BC942}") = "Task3", "Task3\Task3.vcxproj", "{CFC30E1F-4FF6-48BB-9FB3-F0C0F0F7ECF5}"
EndProject
Project("{8BC9CEB8-8B4A-11D0-8D11-00A0C91BC942}") = "Task4", "Task4\Task4.vcxproj", "{C9171308-E32F-4756-B625-BD194AF45B4D}"
EndProject
Project("{8BC9CEB8-8B4A-11D0-8D11-00A0C91BC942}") = "Task5", "Task5\Task5.vcxproj", "{BB9C4EC6-FC48-41F0-B720-2B07545633F7}"
EndProject
Global
	GlobalSection(SolutionConfigurationPlatforms) = preSolution
		Debug|x64 = Debug|x64
		Debug|x86 = Debug|x86
		Release|x64 = Release|x64
		Release|x86 = Release|x86
	EndGlobalSection
	GlobalSection(ProjectConfigurationPlatforms) = postSolution
		{B9B3C30E-4308-48BF-A752-DFD5B7D212E5}.Debug|x64.ActiveCfg = Debug|x64
		{B9B3C30E-4308-48BF-A752-DFD5B7D212E5}.Debug|x64.Build.0 = Debug|x64
		{B9B3C30E-4308-48BF-A752-DFD5B7D212E5}.Debug|x86.ActiveCfg = Debug|Win32
		{B9B3C30E-4308-48BF-A752-DFD5B7D212E5}.Debug|x86.Build.0 = Debug|Win32
		{B9B3C30E-4308-48BF-A752-DFD5B7D212E5}.Release|x64.ActiveCfg = Release|x64
		{B9B3C30E-4308-48BF-A752-DFD5B7D212E5}.Release|x64.Build.0 = Release|x64
		{B9B3C30E-4308-48BF-A752-DFD5B7D212E5}.Release|x86.ActiveCfg = Release|Win32
		{B9B3C30E-4308-48BF-A752-DFD5B7D212E5}.Release|x86.Build.0 = Release|Win32
		{126B5EB3-A381-4E2B-A711-E2104C61BC4D}.Debug|x64.ActiveCfg = Debug|x64
		{126B5EB3-A381-4E2B-A711-E2104C61BC4D}.Debug|x64.Build.0 = Debug|x64
		{126B5EB3-A381-4E2B-A711-E2104C61BC4D}.Debug|x86.ActiveCfg = Debug|Win32
		{126B5EB3-A381-4E2B-A711-E2104C61BC4D}.Debug|x86.Build.0 = Debug|Win32
		{126B5EB3-A381-4E2B-A711-E2104C61BC4D}.Release|x64.ActiveCfg = Release|x64
		{126B5EB3-A381-4E2B-A711-E2104C61BC4D}.Release|x64.Build.0 = Release|x64
		{126B5EB3-A381-4E2B-A711-E2104C61BC4D}.Release|x86.ActiveCfg = Release|Win32
		{126B5EB3-A381-4E2B-A711-E2104C61BC4D}.Release|x86.Build.0 = Release|Win32
		{CFC30E1F-4FF6-48BB-9FB3-F0C0F0F7ECF5}.Debug|x64.ActiveCfg = Debug|x64
		{CFC30E1F-4FF6-48BB-9FB3-F0C0F0F7ECF5}.Debug|x64.Build.0 = Debug|x64
		{CFC30E1F-4FF6-48BB-9FB3-F0C0F0F7ECF5}.Debug|x86.ActiveCfg = Debug|Win32
		{CFC30E1F-4FF6-48BB-9FB3-F0C0F0F7ECF5}.Debug|x86.Build.0 = Debug|Win32
		{CFC30E1F-4FF6-48BB-9FB3-F0C0F0F7ECF5}.Release|x64.ActiveCfg = Release|x64
		{CFC30E1F-4FF6-48BB-9FB3-F0C0F0F7ECF5}.Release|x64.Build.0 = Release|x64
		{CFC30E1F-4FF6-48BB-9FB3-F0C0F0F7ECF5}.Release|x86.ActiveCfg = Release|Win32
		{CFC30E1F-4FF6-48BB-9FB3-F0C0F0F7ECF5}.Release|x86.Build.0 = Release|Win32
		{C9171308-E32F-4756-B625-BD194AF45B4D}.Debug|x64.ActiveCfg = Debug|x64
		{C9171308-E32F-4756-B625-BD194AF45B4D}.Debug|x64.Build.0 = Debug|x64
		{C9171308-E32F-4756-B625-BD194AF45B4D}.Debug|x86.ActiveCfg = Debug|Win32
		{C9171308-E32F-4756-B625-BD194AF45B4D}.Debug|x86.Build.0 = Debug|Win32
		{C9171308-E32F-4756-B625-BD194AF45B4D}.Release|x64.ActiveCfg = Release|x64
		{C9171308-E32F-4756-B625-BD194AF45B4D}.Release|x64.Build.0 = Release|x64
		{C9171308-E32F-4756-B625-BD194AF45B4D}.Release|x86.ActiveCfg = Release|Win32
		{C9171308-E32F-4756-B625-BD194AF45B4D}.Release|x86.Build.0 = Release|Win32
		{BB9C4EC6-FC48-41F0-B720-2B07545633F7}.Debug|x64.ActiveCfg = Debug|x64
		{BB9C4EC6-FC48-41F0-B720-2B07545633F7}.Debug|x64.Build.0 = Debug|x64
		{BB9C4EC6-FC48-41F0-B720-2B07545633F7}.Debug|x86.ActiveCfg = Debug|Win32
		{BB9C4EC6-FC48-41F0-B720-2B07545633F7}.Debug|x86.Build.0 = Debug|Win32
		{BB9C4EC6-FC48-41F0-B720-2B07545633F7}.Release|x64.ActiveCfg = Release|x64
		{BB9C4EC6-FC48-41F0-B720-2B07545633F7}.Release|x64.Build.0 = Release|x64
		{BB9C4EC6-FC48-41F0-B720-2B07545633F7}.Release|x86.ActiveCfg = Release|Win32
		{BB9C4EC6-FC48-41F0-B720-2B07545633F7}.Release|x86.Build.0 = Release|Win32
	EndGlobalSection
	GlobalSection(SolutionProperties) = preSolution
		HideSolutionNode = FALSE
	EndGlobalSection
	GlobalSection(ExtensibilityGlobals) = postSolution
		SolutionGuid = {9871EA88-8E87-413F-8F4E-CBF0D242EFE8}
	EndGlobalSection
EndGlobal
